
Microsoft Visual Studio Solution File, Format Version 12.00
# Visual Studio Version 17
VisualStudioVersion = 17.3.32825.248
MinimumVisualStudioVersion = 10.0.40219.1
Project("{9A19103F-16F7-4668-BE54-9A1E7A4F7556}") = "WebApp", "WebApp\WebApp.csproj", "{6108ACFD-C6D8-4266-87F7-6EF6B50104E3}"
	ProjectSection(ProjectDependencies) = postProject
		{17CB66DC-3A4D-44C3-BCE6-7A1523101197} = {17CB66DC-3A4D-44C3-BCE6-7A1523101197}
		{2E4ED5DC-62C4-47BD-A484-FA8B18816374} = {2E4ED5DC-62C4-47BD-A484-FA8B18816374}
		{EA7717B4-0152-4B7D-9B04-1911F3D03E7E} = {EA7717B4-0152-4B7D-9B04-1911F3D03E7E}
		{EFDB053E-41C2-4B9B-8D55-7E6DBD94B5CC} = {EFDB053E-41C2-4B9B-8D55-7E6DBD94B5CC}
	EndProjectSection
EndProject
Project("{9A19103F-16F7-4668-BE54-9A1E7A4F7556}") = "WebAPI", "WebAPI\WebAPI.csproj", "{7BBD69F1-A2F3-4A1A-B773-FB386AD8B48D}"
	ProjectSection(ProjectDependencies) = postProject
		{17CB66DC-3A4D-44C3-BCE6-7A1523101197} = {17CB66DC-3A4D-44C3-BCE6-7A1523101197}
		{2E4ED5DC-62C4-47BD-A484-FA8B18816374} = {2E4ED5DC-62C4-47BD-A484-FA8B18816374}
		{6108ACFD-C6D8-4266-87F7-6EF6B50104E3} = {6108ACFD-C6D8-4266-87F7-6EF6B50104E3}
		{EA7717B4-0152-4B7D-9B04-1911F3D03E7E} = {EA7717B4-0152-4B7D-9B04-1911F3D03E7E}
		{EFDB053E-41C2-4B9B-8D55-7E6DBD94B5CC} = {EFDB053E-41C2-4B9B-8D55-7E6DBD94B5CC}
	EndProjectSection
EndProject
Project("{2150E333-8FDC-42A3-9474-1A3956D46DE8}") = "Solution Items", "Solution Items", "{363C6422-DDE0-46AE-82E9-9C765B50BA74}"
EndProject
Project("{9A19103F-16F7-4668-BE54-9A1E7A4F7556}") = "Models", "Models\Models.csproj", "{C028E6E1-BB90-445F-9E2E-C853D6F66215}"
EndProject
Project("{9A19103F-16F7-4668-BE54-9A1E7A4F7556}") = "Services", "Services\Services.csproj", "{EFDB053E-41C2-4B9B-8D55-7E6DBD94B5CC}"
	ProjectSection(ProjectDependencies) = postProject
		{C028E6E1-BB90-445F-9E2E-C853D6F66215} = {C028E6E1-BB90-445F-9E2E-C853D6F66215}
	EndProjectSection
EndProject
Project("{9A19103F-16F7-4668-BE54-9A1E7A4F7556}") = "Services.Dapper", "Services.Dapper\Services.Dapper.csproj", "{17CB66DC-3A4D-44C3-BCE6-7A1523101197}"
	ProjectSection(ProjectDependencies) = postProject
		{EFDB053E-41C2-4B9B-8D55-7E6DBD94B5CC} = {EFDB053E-41C2-4B9B-8D55-7E6DBD94B5CC}
	EndProjectSection
EndProject
Project("{9A19103F-16F7-4668-BE54-9A1E7A4F7556}") = "Services.DapperPG", "Services.DapperPG\Services.DapperPG.csproj", "{EA7717B4-0152-4B7D-9B04-1911F3D03E7E}"
	ProjectSection(ProjectDependencies) = postProject
		{EFDB053E-41C2-4B9B-8D55-7E6DBD94B5CC} = {EFDB053E-41C2-4B9B-8D55-7E6DBD94B5CC}
	EndProjectSection
EndProject
Project("{9A19103F-16F7-4668-BE54-9A1E7A4F7556}") = "Services.EF", "Services.EF\Services.EF.csproj", "{2E4ED5DC-62C4-47BD-A484-FA8B18816374}"
	ProjectSection(ProjectDependencies) = postProject
		{EFDB053E-41C2-4B9B-8D55-7E6DBD94B5CC} = {EFDB053E-41C2-4B9B-8D55-7E6DBD94B5CC}
	EndProjectSection
EndProject
Project("{9A19103F-16F7-4668-BE54-9A1E7A4F7556}") = "Services.WebAPI", "Services.WebAPI\Services.WebAPI.csproj", "{091E166B-7F8E-4CDB-8D31-28EF27FBF675}"
	ProjectSection(ProjectDependencies) = postProject
		{6108ACFD-C6D8-4266-87F7-6EF6B50104E3} = {6108ACFD-C6D8-4266-87F7-6EF6B50104E3}
		{EFDB053E-41C2-4B9B-8D55-7E6DBD94B5CC} = {EFDB053E-41C2-4B9B-8D55-7E6DBD94B5CC}
	EndProjectSection
EndProject
Global
	GlobalSection(SolutionConfigurationPlatforms) = preSolution
		Debug|Any CPU = Debug|Any CPU
		Release|Any CPU = Release|Any CPU
	EndGlobalSection
	GlobalSection(ProjectConfigurationPlatforms) = postSolution
		{6108ACFD-C6D8-4266-87F7-6EF6B50104E3}.Debug|Any CPU.ActiveCfg = Debug|Any CPU
		{6108ACFD-C6D8-4266-87F7-6EF6B50104E3}.Debug|Any CPU.Build.0 = Debug|Any CPU
		{6108ACFD-C6D8-4266-87F7-6EF6B50104E3}.Release|Any CPU.ActiveCfg = Release|Any CPU
		{6108ACFD-C6D8-4266-87F7-6EF6B50104E3}.Release|Any CPU.Build.0 = Release|Any CPU
		{7BBD69F1-A2F3-4A1A-B773-FB386AD8B48D}.Debug|Any CPU.ActiveCfg = Debug|Any CPU
		{7BBD69F1-A2F3-4A1A-B773-FB386AD8B48D}.Debug|Any CPU.Build.0 = Debug|Any CPU
		{7BBD69F1-A2F3-4A1A-B773-FB386AD8B48D}.Release|Any CPU.ActiveCfg = Release|Any CPU
		{7BBD69F1-A2F3-4A1A-B773-FB386AD8B48D}.Release|Any CPU.Build.0 = Release|Any CPU
		{C028E6E1-BB90-445F-9E2E-C853D6F66215}.Debug|Any CPU.ActiveCfg = Debug|Any CPU
		{C028E6E1-BB90-445F-9E2E-C853D6F66215}.Debug|Any CPU.Build.0 = Debug|Any CPU
		{C028E6E1-BB90-445F-9E2E-C853D6F66215}.Release|Any CPU.ActiveCfg = Release|Any CPU
		{C028E6E1-BB90-445F-9E2E-C853D6F66215}.Release|Any CPU.Build.0 = Release|Any CPU
		{EFDB053E-41C2-4B9B-8D55-7E6DBD94B5CC}.Debug|Any CPU.ActiveCfg = Debug|Any CPU
		{EFDB053E-41C2-4B9B-8D55-7E6DBD94B5CC}.Debug|Any CPU.Build.0 = Debug|Any CPU
		{EFDB053E-41C2-4B9B-8D55-7E6DBD94B5CC}.Release|Any CPU.ActiveCfg = Release|Any CPU
		{EFDB053E-41C2-4B9B-8D55-7E6DBD94B5CC}.Release|Any CPU.Build.0 = Release|Any CPU
		{17CB66DC-3A4D-44C3-BCE6-7A1523101197}.Debug|Any CPU.ActiveCfg = Debug|Any CPU
		{17CB66DC-3A4D-44C3-BCE6-7A1523101197}.Debug|Any CPU.Build.0 = Debug|Any CPU
		{17CB66DC-3A4D-44C3-BCE6-7A1523101197}.Release|Any CPU.ActiveCfg = Release|Any CPU
		{17CB66DC-3A4D-44C3-BCE6-7A1523101197}.Release|Any CPU.Build.0 = Release|Any CPU
		{EA7717B4-0152-4B7D-9B04-1911F3D03E7E}.Debug|Any CPU.ActiveCfg = Debug|Any CPU
		{EA7717B4-0152-4B7D-9B04-1911F3D03E7E}.Debug|Any CPU.Build.0 = Debug|Any CPU
		{EA7717B4-0152-4B7D-9B04-1911F3D03E7E}.Release|Any CPU.ActiveCfg = Release|Any CPU
		{EA7717B4-0152-4B7D-9B04-1911F3D03E7E}.Release|Any CPU.Build.0 = Release|Any CPU
		{2E4ED5DC-62C4-47BD-A484-FA8B18816374}.Debug|Any CPU.ActiveCfg = Debug|Any CPU
		{2E4ED5DC-62C4-47BD-A484-FA8B18816374}.Debug|Any CPU.Build.0 = Debug|Any CPU
		{2E4ED5DC-62C4-47BD-A484-FA8B18816374}.Release|Any CPU.ActiveCfg = Release|Any CPU
		{2E4ED5DC-62C4-47BD-A484-FA8B18816374}.Release|Any CPU.Build.0 = Release|Any CPU
		{091E166B-7F8E-4CDB-8D31-28EF27FBF675}.Debug|Any CPU.ActiveCfg = Debug|Any CPU
		{091E166B-7F8E-4CDB-8D31-28EF27FBF675}.Debug|Any CPU.Build.0 = Debug|Any CPU
		{091E166B-7F8E-4CDB-8D31-28EF27FBF675}.Release|Any CPU.ActiveCfg = Release|Any CPU
		{091E166B-7F8E-4CDB-8D31-28EF27FBF675}.Release|Any CPU.Build.0 = Release|Any CPU
	EndGlobalSection
	GlobalSection(SolutionProperties) = preSolution
		HideSolutionNode = FALSE
	EndGlobalSection
	GlobalSection(ExtensibilityGlobals) = postSolution
		SolutionGuid = {A9201557-8957-401C-9EAC-AC3E4639AA8A}
	EndGlobalSection
EndGlobal
